gopkg.in/gorp.v2 v2.0.0 h1:PaLYclsRb+/3x8HTXlYOk9w3gIasonq9ak8dEhYCPsY=
gopkg.in/gorp.v2 v2.0.0/go.mod h1:b+Lg0ZTcCi+VKrQTMxcDUr+yXYz665DxYSYCiJ8BTPE=
gopkg.in/gorp.v2 v2.2.0 h1:rTlFZHz1gP1GZplUFomSJgnkDRU4rMxOoHTiV6aDSBk=
gopkg.in/gorp.v2 v2.2.0/go.mod h1:b+Lg0ZTcCi+VKrQTMxcDUr+yXYz665DxYSYCiJ8BTPE=
